
Microsoft Visual Studio Solution File, Format Version 12.00
# Visual Studio 15
Project("{FAE04EC0-301F-11D3-BF4B-00C04F79EFBC}") = "Assembly-CSharp", "Assembly-CSharp.csproj", "{EF4E97BB-35FE-B27B-7ADC-B88B32C93A87}"
EndProject
Project("{FAE04EC0-301F-11D3-BF4B-00C04F79EFBC}") = "MerryYellow.CodeAssist.Editor", "MerryYellow.CodeAssist.Editor.csproj", "{0DBA9E35-6BAD-356A-3E86-C9F088EA275E}"
EndProject
Global
	GlobalSection(SolutionConfigurationPlatforms) = preSolution
		Debug|Any CPU = Debug|Any CPU
		Release|Any CPU = Release|Any CPU
	EndGlobalSection
	GlobalSection(ProjectConfigurationPlatforms) = postSolution
		{EF4E97BB-35FE-B27B-7ADC-B88B32C93A87}.Debug|Any CPU.ActiveCfg = Debug|Any CPU
		{EF4E97BB-35FE-B27B-7ADC-B88B32C93A87}.Debug|Any CPU.Build.0 = Debug|Any CPU
		{EF4E97BB-35FE-B27B-7ADC-B88B32C93A87}.Release|Any CPU.ActiveCfg = Release|Any CPU
		{EF4E97BB-35FE-B27B-7ADC-B88B32C93A87}.Release|Any CPU.Build.0 = Release|Any CPU
		{0DBA9E35-6BAD-356A-3E86-C9F088EA275E}.Debug|Any CPU.ActiveCfg = Debug|Any CPU
		{0DBA9E35-6BAD-356A-3E86-C9F088EA275E}.Debug|Any CPU.Build.0 = Debug|Any CPU
		{0DBA9E35-6BAD-356A-3E86-C9F088EA275E}.Release|Any CPU.ActiveCfg = Release|Any CPU
		{0DBA9E35-6BAD-356A-3E86-C9F088EA275E}.Release|Any CPU.Build.0 = Release|Any CPU
	EndGlobalSection
	GlobalSection(SolutionProperties) = preSolution
		HideSolutionNode = FALSE
	EndGlobalSection
EndGlobal
